
Microsoft Visual Studio Solution File, Format Version 11.00
# Visual Studio 2010
Project("{FAE04EC0-301F-11D3-BF4B-00C04F79EFBC}") = "Unity.XR.Interaction.Toolkit", "Unity.XR.Interaction.Toolkit.csproj", "{f9878ebb-3d5b-26ff-8f3a-0a96b558d275}"
EndProject
Project("{FAE04EC0-301F-11D3-BF4B-00C04F79EFBC}") = "UnityEngine.TestRunner", "UnityEngine.TestRunner.csproj", "{d1ffd649-74bd-9459-7da9-a6877381c5e7}"
EndProject
Project("{FAE04EC0-301F-11D3-BF4B-00C04F79EFBC}") = "UnityEngine.UI", "UnityEngine.UI.csproj", "{6c93ce15-aa90-62cb-6699-250122099158}"
EndProject
Project("{FAE04EC0-301F-11D3-BF4B-00C04F79EFBC}") = "Unity.VisualScripting.Flow", "Unity.VisualScripting.Flow.csproj", "{87b19fbf-9f34-e43c-51b7-461157a32ef7}"
EndProject
Project("{FAE04EC0-301F-11D3-BF4B-00C04F79EFBC}") = "Unity.InputSystem", "Unity.InputSystem.csproj", "{aea0c1ed-2d74-7196-900a-cd973c4ee11c}"
EndProject
Project("{FAE04EC0-301F-11D3-BF4B-00C04F79EFBC}") = "Unity.VisualScripting.State", "Unity.VisualScripting.State.csproj", "{34a1d315-3afc-3163-5c77-46d67f06ee2c}"
EndProject
Project("{FAE04EC0-301F-11D3-BF4B-00C04F79EFBC}") = "Unity.VisualScripting.Core", "Unity.VisualScripting.Core.csproj", "{9a5d71d5-419a-80d0-a649-dbc4648e9526}"
EndProject
Project("{FAE04EC0-301F-11D3-BF4B-00C04F79EFBC}") = "UnityEngine.XR.LegacyInputHelpers", "UnityEngine.XR.LegacyInputHelpers.csproj", "{d66fcc06-69fc-c89a-57a5-d7c1c2ec3e38}"
EndProject
Project("{FAE04EC0-301F-11D3-BF4B-00C04F79EFBC}") = "Unity.XR.Oculus", "Unity.XR.Oculus.csproj", "{48c226d7-98d7-f803-de89-131db3c495e2}"
EndProject
Project("{FAE04EC0-301F-11D3-BF4B-00C04F79EFBC}") = "Unity.TextMeshPro", "Unity.TextMeshPro.csproj", "{875b0ede-661a-770b-b690-a6125c5f570a}"
EndProject
Project("{FAE04EC0-301F-11D3-BF4B-00C04F79EFBC}") = "Unity.Timeline", "Unity.Timeline.csproj", "{a5b5b9fd-2422-0c71-1961-5ef60c2136a3}"
EndProject
Project("{FAE04EC0-301F-11D3-BF4B-00C04F79EFBC}") = "Unity.XR.CoreUtils", "Unity.XR.CoreUtils.csproj", "{7455f66b-1639-1bf1-37b3-731cb0eef5eb}"
EndProject
Project("{FAE04EC0-301F-11D3-BF4B-00C04F79EFBC}") = "Unity.XR.OpenXR", "Unity.XR.OpenXR.csproj", "{6bd91f26-4fa8-3208-86b4-78e5b2d154f3}"
EndProject
Project("{FAE04EC0-301F-11D3-BF4B-00C04F79EFBC}") = "Unity.XR.Management", "Unity.XR.Management.csproj", "{cf832e1d-f9b0-ccfa-7dc5-cade8c51db9e}"
EndProject
Project("{FAE04EC0-301F-11D3-BF4B-00C04F79EFBC}") = "Unity.XR.OpenXR.Features.RuntimeDebugger", "Unity.XR.OpenXR.Features.RuntimeDebugger.csproj", "{71720d1d-1793-519c-814a-9743354827d7}"
EndProject
Project("{FAE04EC0-301F-11D3-BF4B-00C04F79EFBC}") = "UnityEngine.SpatialTracking", "UnityEngine.SpatialTracking.csproj", "{5448419b-615f-4090-7cf5-03a1f550f45d}"
EndProject
Project("{FAE04EC0-301F-11D3-BF4B-00C04F79EFBC}") = "Assembly-CSharp", "Assembly-CSharp.csproj", "{2dd5e205-2615-02f1-11ab-d8e837fab9e2}"
EndProject
Project("{FAE04EC0-301F-11D3-BF4B-00C04F79EFBC}") = "Unity.XR.OpenXR.Features.ConformanceAutomation", "Unity.XR.OpenXR.Features.ConformanceAutomation.csproj", "{14454447-cfc7-ad0f-70c6-b73180670997}"
EndProject
Project("{FAE04EC0-301F-11D3-BF4B-00C04F79EFBC}") = "Unity.XR.OpenXR.Features.MockRuntime", "Unity.XR.OpenXR.Features.MockRuntime.csproj", "{30c8968b-2c35-c6ef-a679-ed732343e396}"
EndProject
Project("{FAE04EC0-301F-11D3-BF4B-00C04F79EFBC}") = "Unity.Subsystem.Registration", "Unity.Subsystem.Registration.csproj", "{6e88928e-b7d6-40a0-71a6-bde70f6915fb}"
EndProject
Project("{FAE04EC0-301F-11D3-BF4B-00C04F79EFBC}") = "Unity.XR.OpenXR.Features.OculusQuestSupport", "Unity.XR.OpenXR.Features.OculusQuestSupport.csproj", "{d47b0015-975a-eaa3-8ca9-1a16f60d6e59}"
EndProject
Project("{FAE04EC0-301F-11D3-BF4B-00C04F79EFBC}") = "Unity.PlasticSCM.Editor", "Unity.PlasticSCM.Editor.csproj", "{11606e51-7138-f931-fa5b-1eb4dff77066}"
EndProject
Project("{FAE04EC0-301F-11D3-BF4B-00C04F79EFBC}") = "Unity.VisualScripting.Core.Editor", "Unity.VisualScripting.Core.Editor.csproj", "{e4276a59-56be-8758-4303-b4d33e063390}"
EndProject
Project("{FAE04EC0-301F-11D3-BF4B-00C04F79EFBC}") = "Unity.XR.OpenXR.Editor", "Unity.XR.OpenXR.Editor.csproj", "{d72e8eb5-8500-bd99-c585-47c81c3bf0c0}"
EndProject
Project("{FAE04EC0-301F-11D3-BF4B-00C04F79EFBC}") = "Unity.VisualScripting.Flow.Editor", "Unity.VisualScripting.Flow.Editor.csproj", "{d70c66da-85c5-0d23-4fec-c6f3e40b5cd0}"
EndProject
Project("{FAE04EC0-301F-11D3-BF4B-00C04F79EFBC}") = "Unity.VisualStudio.Editor", "Unity.VisualStudio.Editor.csproj", "{0e2a7224-aab8-49d2-883f-fd32f077ff94}"
EndProject
Project("{FAE04EC0-301F-11D3-BF4B-00C04F79EFBC}") = "Unity.Timeline.Editor", "Unity.Timeline.Editor.csproj", "{53b70131-8a88-6296-e033-4b5dce7e79de}"
EndProject
Project("{FAE04EC0-301F-11D3-BF4B-00C04F79EFBC}") = "Unity.VisualScripting.State.Editor", "Unity.VisualScripting.State.Editor.csproj", "{bcaeb7a6-c81d-54dd-5d7e-e5fcecf715e5}"
EndProject
Project("{FAE04EC0-301F-11D3-BF4B-00C04F79EFBC}") = "Unity.XR.Interaction.Toolkit.Editor", "Unity.XR.Interaction.Toolkit.Editor.csproj", "{90851942-c468-5838-aeb7-fe8531cfd992}"
EndProject
Project("{FAE04EC0-301F-11D3-BF4B-00C04F79EFBC}") = "Unity.TextMeshPro.Editor", "Unity.TextMeshPro.Editor.csproj", "{26262940-9809-3227-b944-a126b3433f7b}"
EndProject
Project("{FAE04EC0-301F-11D3-BF4B-00C04F79EFBC}") = "Unity.VisualScripting.SettingsProvider.Editor", "Unity.VisualScripting.SettingsProvider.Editor.csproj", "{f6f76a8a-c8a2-5cf9-47ac-dbfee806462e}"
EndProject
Project("{FAE04EC0-301F-11D3-BF4B-00C04F79EFBC}") = "Unity.CollabProxy.Editor", "Unity.CollabProxy.Editor.csproj", "{ba6ef5ba-92a2-04bf-30ba-5a396b8fc3eb}"
EndProject
Project("{FAE04EC0-301F-11D3-BF4B-00C04F79EFBC}") = "UnityEditor.TestRunner", "UnityEditor.TestRunner.csproj", "{b937f02b-0467-0181-774c-0647c7d3a1af}"
EndProject
Project("{FAE04EC0-301F-11D3-BF4B-00C04F79EFBC}") = "Unity.TestTools.CodeCoverage.Editor", "Unity.TestTools.CodeCoverage.Editor.csproj", "{669eb514-d840-683b-0991-8299eb37597e}"
EndProject
Project("{FAE04EC0-301F-11D3-BF4B-00C04F79EFBC}") = "Unity.Rider.Editor", "Unity.Rider.Editor.csproj", "{65234057-4604-bbf2-f3ea-ef9cd18c606a}"
EndProject
Project("{FAE04EC0-301F-11D3-BF4B-00C04F79EFBC}") = "Unity.Services.Core.Editor", "Unity.Services.Core.Editor.csproj", "{86cfdf3c-5e8f-01b0-2546-4f8e18c04811}"
EndProject
Project("{FAE04EC0-301F-11D3-BF4B-00C04F79EFBC}") = "Unity.XR.CoreUtils.Editor", "Unity.XR.CoreUtils.Editor.csproj", "{4666366d-091f-3244-5421-61c85e224d19}"
EndProject
Project("{FAE04EC0-301F-11D3-BF4B-00C04F79EFBC}") = "Unity.Performance.Profile-Analyzer.Editor", "Unity.Performance.Profile-Analyzer.Editor.csproj", "{f87e03ad-390e-641c-e9a3-b7308e8df816}"
EndProject
Project("{FAE04EC0-301F-11D3-BF4B-00C04F79EFBC}") = "Unity.XR.Management.Editor", "Unity.XR.Management.Editor.csproj", "{edc3c934-7cd0-9dcc-297c-8cabcdfe6332}"
EndProject
Project("{FAE04EC0-301F-11D3-BF4B-00C04F79EFBC}") = "Unity.VSCode.Editor", "Unity.VSCode.Editor.csproj", "{f858116c-9093-37c0-f116-0e113d719fe4}"
EndProject
Project("{FAE04EC0-301F-11D3-BF4B-00C04F79EFBC}") = "UnityEditor.UI", "UnityEditor.UI.csproj", "{00a49da3-90e0-9c65-ef39-f8810e49fdb2}"
EndProject
Project("{FAE04EC0-301F-11D3-BF4B-00C04F79EFBC}") = "Unity.TestTools.CodeCoverage.Editor.OpenCover.Model", "Unity.TestTools.CodeCoverage.Editor.OpenCover.Model.csproj", "{41f904e0-bf09-ca49-5bd9-199f409d5757}"
EndProject
Project("{FAE04EC0-301F-11D3-BF4B-00C04F79EFBC}") = "Unity.EditorCoroutines.Editor", "Unity.EditorCoroutines.Editor.csproj", "{056b7464-c037-8a49-b8c6-4f66aa7c7a51}"
EndProject
Project("{FAE04EC0-301F-11D3-BF4B-00C04F79EFBC}") = "Unity.Settings.Editor", "Unity.Settings.Editor.csproj", "{40c0b0f2-59fe-0fbc-a11f-ea8d90e2353c}"
EndProject
Project("{FAE04EC0-301F-11D3-BF4B-00C04F79EFBC}") = "UnityEditor.SpatialTracking", "UnityEditor.SpatialTracking.csproj", "{1693d05e-d053-a306-bf6b-120defc74a4b}"
EndProject
Project("{FAE04EC0-301F-11D3-BF4B-00C04F79EFBC}") = "UnityEditor.XR.LegacyInputHelpers", "UnityEditor.XR.LegacyInputHelpers.csproj", "{d7963720-b0d6-d781-9992-07a40bf4bef7}"
EndProject
Project("{FAE04EC0-301F-11D3-BF4B-00C04F79EFBC}") = "Unity.XR.Oculus.Editor", "Unity.XR.Oculus.Editor.csproj", "{3cddc11b-79be-71aa-f44f-c98e0aa48715}"
EndProject
Project("{FAE04EC0-301F-11D3-BF4B-00C04F79EFBC}") = "Unity.XR.OpenXR.Features.RuntimeDebugger.Editor", "Unity.XR.OpenXR.Features.RuntimeDebugger.Editor.csproj", "{0c1fd517-2cd8-5b7d-606f-42c7226b7fd6}"
EndProject
Project("{FAE04EC0-301F-11D3-BF4B-00C04F79EFBC}") = "Unity.TestTools.CodeCoverage.Editor.OpenCover.Mono.Reflection", "Unity.TestTools.CodeCoverage.Editor.OpenCover.Mono.Reflection.csproj", "{b5b86499-8349-9455-9785-8db54935f22a}"
EndProject
Project("{FAE04EC0-301F-11D3-BF4B-00C04F79EFBC}") = "Unity.VisualScripting.Shared.Editor", "Unity.VisualScripting.Shared.Editor.csproj", "{55bf440b-10c5-34d0-ec60-5e5092aed4dd}"
EndProject
Project("{FAE04EC0-301F-11D3-BF4B-00C04F79EFBC}") = "Unity.XR.OpenXR.Features.OculusQuestSupport.Editor", "Unity.XR.OpenXR.Features.OculusQuestSupport.Editor.csproj", "{3eb59860-8cff-252f-3a4d-0bb365528ded}"
EndProject
Global
	GlobalSection(SolutionConfigurationPlatforms) = preSolution
		Debug|Any CPU = Debug|Any CPU
	EndGlobalSection
	GlobalSection(ProjectConfigurationPlatforms) = postSolution
		{f9878ebb-3d5b-26ff-8f3a-0a96b558d275}.Debug|Any CPU.ActiveCfg = Debug|Any CPU
		{f9878ebb-3d5b-26ff-8f3a-0a96b558d275}.Debug|Any CPU.Build.0 = Debug|Any CPU
		{d1ffd649-74bd-9459-7da9-a6877381c5e7}.Debug|Any CPU.ActiveCfg = Debug|Any CPU
		{d1ffd649-74bd-9459-7da9-a6877381c5e7}.Debug|Any CPU.Build.0 = Debug|Any CPU
		{6c93ce15-aa90-62cb-6699-250122099158}.Debug|Any CPU.ActiveCfg = Debug|Any CPU
		{6c93ce15-aa90-62cb-6699-250122099158}.Debug|Any CPU.Build.0 = Debug|Any CPU
		{87b19fbf-9f34-e43c-51b7-461157a32ef7}.Debug|Any CPU.ActiveCfg = Debug|Any CPU
		{87b19fbf-9f34-e43c-51b7-461157a32ef7}.Debug|Any CPU.Build.0 = Debug|Any CPU
		{aea0c1ed-2d74-7196-900a-cd973c4ee11c}.Debug|Any CPU.ActiveCfg = Debug|Any CPU
		{aea0c1ed-2d74-7196-900a-cd973c4ee11c}.Debug|Any CPU.Build.0 = Debug|Any CPU
		{34a1d315-3afc-3163-5c77-46d67f06ee2c}.Debug|Any CPU.ActiveCfg = Debug|Any CPU
		{34a1d315-3afc-3163-5c77-46d67f06ee2c}.Debug|Any CPU.Build.0 = Debug|Any CPU
		{9a5d71d5-419a-80d0-a649-dbc4648e9526}.Debug|Any CPU.ActiveCfg = Debug|Any CPU
		{9a5d71d5-419a-80d0-a649-dbc4648e9526}.Debug|Any CPU.Build.0 = Debug|Any CPU
		{d66fcc06-69fc-c89a-57a5-d7c1c2ec3e38}.Debug|Any CPU.ActiveCfg = Debug|Any CPU
		{d66fcc06-69fc-c89a-57a5-d7c1c2ec3e38}.Debug|Any CPU.Build.0 = Debug|Any CPU
		{48c226d7-98d7-f803-de89-131db3c495e2}.Debug|Any CPU.ActiveCfg = Debug|Any CPU
		{48c226d7-98d7-f803-de89-131db3c495e2}.Debug|Any CPU.Build.0 = Debug|Any CPU
		{875b0ede-661a-770b-b690-a6125c5f570a}.Debug|Any CPU.ActiveCfg = Debug|Any CPU
		{875b0ede-661a-770b-b690-a6125c5f570a}.Debug|Any CPU.Build.0 = Debug|Any CPU
		{a5b5b9fd-2422-0c71-1961-5ef60c2136a3}.Debug|Any CPU.ActiveCfg = Debug|Any CPU
		{a5b5b9fd-2422-0c71-1961-5ef60c2136a3}.Debug|Any CPU.Build.0 = Debug|Any CPU
		{7455f66b-1639-1bf1-37b3-731cb0eef5eb}.Debug|Any CPU.ActiveCfg = Debug|Any CPU
		{7455f66b-1639-1bf1-37b3-731cb0eef5eb}.Debug|Any CPU.Build.0 = Debug|Any CPU
		{6bd91f26-4fa8-3208-86b4-78e5b2d154f3}.Debug|Any CPU.ActiveCfg = Debug|Any CPU
		{6bd91f26-4fa8-3208-86b4-78e5b2d154f3}.Debug|Any CPU.Build.0 = Debug|Any CPU
		{cf832e1d-f9b0-ccfa-7dc5-cade8c51db9e}.Debug|Any CPU.ActiveCfg = Debug|Any CPU
		{cf832e1d-f9b0-ccfa-7dc5-cade8c51db9e}.Debug|Any CPU.Build.0 = Debug|Any CPU
		{71720d1d-1793-519c-814a-9743354827d7}.Debug|Any CPU.ActiveCfg = Debug|Any CPU
		{71720d1d-1793-519c-814a-9743354827d7}.Debug|Any CPU.Build.0 = Debug|Any CPU
		{5448419b-615f-4090-7cf5-03a1f550f45d}.Debug|Any CPU.ActiveCfg = Debug|Any CPU
		{5448419b-615f-4090-7cf5-03a1f550f45d}.Debug|Any CPU.Build.0 = Debug|Any CPU
		{2dd5e205-2615-02f1-11ab-d8e837fab9e2}.Debug|Any CPU.ActiveCfg = Debug|Any CPU
		{2dd5e205-2615-02f1-11ab-d8e837fab9e2}.Debug|Any CPU.Build.0 = Debug|Any CPU
		{14454447-cfc7-ad0f-70c6-b73180670997}.Debug|Any CPU.ActiveCfg = Debug|Any CPU
		{14454447-cfc7-ad0f-70c6-b73180670997}.Debug|Any CPU.Build.0 = Debug|Any CPU
		{30c8968b-2c35-c6ef-a679-ed732343e396}.Debug|Any CPU.ActiveCfg = Debug|Any CPU
		{30c8968b-2c35-c6ef-a679-ed732343e396}.Debug|Any CPU.Build.0 = Debug|Any CPU
		{6e88928e-b7d6-40a0-71a6-bde70f6915fb}.Debug|Any CPU.ActiveCfg = Debug|Any CPU
		{6e88928e-b7d6-40a0-71a6-bde70f6915fb}.Debug|Any CPU.Build.0 = Debug|Any CPU
		{d47b0015-975a-eaa3-8ca9-1a16f60d6e59}.Debug|Any CPU.ActiveCfg = Debug|Any CPU
		{d47b0015-975a-eaa3-8ca9-1a16f60d6e59}.Debug|Any CPU.Build.0 = Debug|Any CPU
		{11606e51-7138-f931-fa5b-1eb4dff77066}.Debug|Any CPU.ActiveCfg = Debug|Any CPU
		{11606e51-7138-f931-fa5b-1eb4dff77066}.Debug|Any CPU.Build.0 = Debug|Any CPU
		{e4276a59-56be-8758-4303-b4d33e063390}.Debug|Any CPU.ActiveCfg = Debug|Any CPU
		{e4276a59-56be-8758-4303-b4d33e063390}.Debug|Any CPU.Build.0 = Debug|Any CPU
		{d72e8eb5-8500-bd99-c585-47c81c3bf0c0}.Debug|Any CPU.ActiveCfg = Debug|Any CPU
		{d72e8eb5-8500-bd99-c585-47c81c3bf0c0}.Debug|Any CPU.Build.0 = Debug|Any CPU
		{d70c66da-85c5-0d23-4fec-c6f3e40b5cd0}.Debug|Any CPU.ActiveCfg = Debug|Any CPU
		{d70c66da-85c5-0d23-4fec-c6f3e40b5cd0}.Debug|Any CPU.Build.0 = Debug|Any CPU
		{0e2a7224-aab8-49d2-883f-fd32f077ff94}.Debug|Any CPU.ActiveCfg = Debug|Any CPU
		{0e2a7224-aab8-49d2-883f-fd32f077ff94}.Debug|Any CPU.Build.0 = Debug|Any CPU
		{53b70131-8a88-6296-e033-4b5dce7e79de}.Debug|Any CPU.ActiveCfg = Debug|Any CPU
		{53b70131-8a88-6296-e033-4b5dce7e79de}.Debug|Any CPU.Build.0 = Debug|Any CPU
		{bcaeb7a6-c81d-54dd-5d7e-e5fcecf715e5}.Debug|Any CPU.ActiveCfg = Debug|Any CPU
		{bcaeb7a6-c81d-54dd-5d7e-e5fcecf715e5}.Debug|Any CPU.Build.0 = Debug|Any CPU
		{90851942-c468-5838-aeb7-fe8531cfd992}.Debug|Any CPU.ActiveCfg = Debug|Any CPU
		{90851942-c468-5838-aeb7-fe8531cfd992}.Debug|Any CPU.Build.0 = Debug|Any CPU
		{26262940-9809-3227-b944-a126b3433f7b}.Debug|Any CPU.ActiveCfg = Debug|Any CPU
		{26262940-9809-3227-b944-a126b3433f7b}.Debug|Any CPU.Build.0 = Debug|Any CPU
		{f6f76a8a-c8a2-5cf9-47ac-dbfee806462e}.Debug|Any CPU.ActiveCfg = Debug|Any CPU
		{f6f76a8a-c8a2-5cf9-47ac-dbfee806462e}.Debug|Any CPU.Build.0 = Debug|Any CPU
		{ba6ef5ba-92a2-04bf-30ba-5a396b8fc3eb}.Debug|Any CPU.ActiveCfg = Debug|Any CPU
		{ba6ef5ba-92a2-04bf-30ba-5a396b8fc3eb}.Debug|Any CPU.Build.0 = Debug|Any CPU
		{b937f02b-0467-0181-774c-0647c7d3a1af}.Debug|Any CPU.ActiveCfg = Debug|Any CPU
		{b937f02b-0467-0181-774c-0647c7d3a1af}.Debug|Any CPU.Build.0 = Debug|Any CPU
		{669eb514-d840-683b-0991-8299eb37597e}.Debug|Any CPU.ActiveCfg = Debug|Any CPU
		{669eb514-d840-683b-0991-8299eb37597e}.Debug|Any CPU.Build.0 = Debug|Any CPU
		{65234057-4604-bbf2-f3ea-ef9cd18c606a}.Debug|Any CPU.ActiveCfg = Debug|Any CPU
		{65234057-4604-bbf2-f3ea-ef9cd18c606a}.Debug|Any CPU.Build.0 = Debug|Any CPU
		{86cfdf3c-5e8f-01b0-2546-4f8e18c04811}.Debug|Any CPU.ActiveCfg = Debug|Any CPU
		{86cfdf3c-5e8f-01b0-2546-4f8e18c04811}.Debug|Any CPU.Build.0 = Debug|Any CPU
		{4666366d-091f-3244-5421-61c85e224d19}.Debug|Any CPU.ActiveCfg = Debug|Any CPU
		{4666366d-091f-3244-5421-61c85e224d19}.Debug|Any CPU.Build.0 = Debug|Any CPU
		{f87e03ad-390e-641c-e9a3-b7308e8df816}.Debug|Any CPU.ActiveCfg = Debug|Any CPU
		{f87e03ad-390e-641c-e9a3-b7308e8df816}.Debug|Any CPU.Build.0 = Debug|Any CPU
		{edc3c934-7cd0-9dcc-297c-8cabcdfe6332}.Debug|Any CPU.ActiveCfg = Debug|Any CPU
		{edc3c934-7cd0-9dcc-297c-8cabcdfe6332}.Debug|Any CPU.Build.0 = Debug|Any CPU
		{f858116c-9093-37c0-f116-0e113d719fe4}.Debug|Any CPU.ActiveCfg = Debug|Any CPU
		{f858116c-9093-37c0-f116-0e113d719fe4}.Debug|Any CPU.Build.0 = Debug|Any CPU
		{00a49da3-90e0-9c65-ef39-f8810e49fdb2}.Debug|Any CPU.ActiveCfg = Debug|Any CPU
		{00a49da3-90e0-9c65-ef39-f8810e49fdb2}.Debug|Any CPU.Build.0 = Debug|Any CPU
		{41f904e0-bf09-ca49-5bd9-199f409d5757}.Debug|Any CPU.ActiveCfg = Debug|Any CPU
		{41f904e0-bf09-ca49-5bd9-199f409d5757}.Debug|Any CPU.Build.0 = Debug|Any CPU
		{056b7464-c037-8a49-b8c6-4f66aa7c7a51}.Debug|Any CPU.ActiveCfg = Debug|Any CPU
		{056b7464-c037-8a49-b8c6-4f66aa7c7a51}.Debug|Any CPU.Build.0 = Debug|Any CPU
		{40c0b0f2-59fe-0fbc-a11f-ea8d90e2353c}.Debug|Any CPU.ActiveCfg = Debug|Any CPU
		{40c0b0f2-59fe-0fbc-a11f-ea8d90e2353c}.Debug|Any CPU.Build.0 = Debug|Any CPU
		{1693d05e-d053-a306-bf6b-120defc74a4b}.Debug|Any CPU.ActiveCfg = Debug|Any CPU
		{1693d05e-d053-a306-bf6b-120defc74a4b}.Debug|Any CPU.Build.0 = Debug|Any CPU
		{d7963720-b0d6-d781-9992-07a40bf4bef7}.Debug|Any CPU.ActiveCfg = Debug|Any CPU
		{d7963720-b0d6-d781-9992-07a40bf4bef7}.Debug|Any CPU.Build.0 = Debug|Any CPU
		{3cddc11b-79be-71aa-f44f-c98e0aa48715}.Debug|Any CPU.ActiveCfg = Debug|Any CPU
		{3cddc11b-79be-71aa-f44f-c98e0aa48715}.Debug|Any CPU.Build.0 = Debug|Any CPU
		{0c1fd517-2cd8-5b7d-606f-42c7226b7fd6}.Debug|Any CPU.ActiveCfg = Debug|Any CPU
		{0c1fd517-2cd8-5b7d-606f-42c7226b7fd6}.Debug|Any CPU.Build.0 = Debug|Any CPU
		{b5b86499-8349-9455-9785-8db54935f22a}.Debug|Any CPU.ActiveCfg = Debug|Any CPU
		{b5b86499-8349-9455-9785-8db54935f22a}.Debug|Any CPU.Build.0 = Debug|Any CPU
		{55bf440b-10c5-34d0-ec60-5e5092aed4dd}.Debug|Any CPU.ActiveCfg = Debug|Any CPU
		{55bf440b-10c5-34d0-ec60-5e5092aed4dd}.Debug|Any CPU.Build.0 = Debug|Any CPU
		{3eb59860-8cff-252f-3a4d-0bb365528ded}.Debug|Any CPU.ActiveCfg = Debug|Any CPU
		{3eb59860-8cff-252f-3a4d-0bb365528ded}.Debug|Any CPU.Build.0 = Debug|Any CPU
	EndGlobalSection
	GlobalSection(SolutionProperties) = preSolution
		HideSolutionNode = FALSE
	EndGlobalSection
EndGlobal
